
Microsoft Visual Studio Solution File, Format Version 12.00
# Visual Studio Version 17
VisualStudioVersion = 17.11.35222.181
MinimumVisualStudioVersion = 10.0.40219.1
Project("{FAE04EC0-301F-11D3-BF4B-00C04F79EFBC}") = "Nguyen-Johnson-A1-TextAdventure", "Nguyen-Johnson-A1-TextAdventure.csproj", "{402D24A4-08A9-4958-A26A-2CE339649D0B}"
EndProject
Global
	GlobalSection(SolutionConfigurationPlatforms) = preSolution
		Debug|Any CPU = Debug|Any CPU
		Release|Any CPU = Release|Any CPU
	EndGlobalSection
	GlobalSection(ProjectConfigurationPlatforms) = postSolution
		{402D24A4-08A9-4958-A26A-2CE339649D0B}.Debug|Any CPU.ActiveCfg = Debug|Any CPU
		{402D24A4-08A9-4958-A26A-2CE339649D0B}.Debug|Any CPU.Build.0 = Debug|Any CPU
		{402D24A4-08A9-4958-A26A-2CE339649D0B}.Release|Any CPU.ActiveCfg = Release|Any CPU
		{402D24A4-08A9-4958-A26A-2CE339649D0B}.Release|Any CPU.Build.0 = Release|Any CPU
	EndGlobalSection
	GlobalSection(SolutionProperties) = preSolution
		HideSolutionNode = FALSE
	EndGlobalSection
	GlobalSection(ExtensibilityGlobals) = postSolution
		SolutionGuid = {23990B89-6133-441E-ADBB-4F87E8F06F47}
	EndGlobalSection
EndGlobal
